// !$*UTF8*$!
{
	archiveVersion = 1;
	classes = {
	};
	objectVersion = 50;
	objects = {

/* Begin PBXBuildFile section */
		545FDD67210BAD2A001A8270 /* AppDelegate.swift in Sources */ = {isa = PBXBuildFile; fileRef = 545FDD66210BAD2A001A8270 /* AppDelegate.swift */; };
		545FDD69210BAD2A001A8270 /* ViewController.swift in Sources */ = {isa = PBXBuildFile; fileRef = 545FDD68210BAD2A001A8270 /* ViewController.swift */; };
		545FDD6C210BAD2A001A8270 /* Main.storyboard in Resources */ = {isa = PBXBuildFile; fileRef = 545FDD6A210BAD2A001A8270 /* Main.storyboard */; };
		545FDD6E210BAD2C001A8270 /* Assets.xcassets in Resources */ = {isa = PBXBuildFile; fileRef = 545FDD6D210BAD2C001A8270 /* Assets.xcassets */; };
		545FDD71210BAD2C001A8270 /* LaunchScreen.storyboard in Resources */ = {isa = PBXBuildFile; fileRef = 545FDD6F210BAD2C001A8270 /* LaunchScreen.storyboard */; };
/* End PBXBuildFile section */

/* Begin PBXFileReference section */
		545FDD63210BAD2A001A8270 /* testScrollViewTransparent.app */ = {isa = PBXFileReference; explicitFileType = wrapper.application; includeInIndex = 0; path = testScrollViewTransparent.app; sourceTree = BUILT_PRODUCTS_DIR; };
		545FDD66210BAD2A001A8270 /* AppDelegate.swift */ = {isa = PBXFileReference; lastKnownFileType = sourcecode.swift; path = AppDelegate.swift; sourceTree = "<group>"; };
		545FDD68210BAD2A001A8270 /* ViewController.swift */ = {isa = PBXFileReference; lastKnownFileType = sourcecode.swift; path = ViewController.swift; sourceTree = "<group>"; };
		545FDD6B210BAD2A001A8270 /* Base */ = {isa = PBXFileReference; lastKnownFileType = file.storyboard; name = Base; path = Base.lproj/Main.storyboard; sourceTree = "<group>"; };
		545FDD6D210BAD2C001A8270 /* Assets.xcassets */ = {isa = PBXFileReference; lastKnownFileType = folder.assetcatalog; path = Assets.xcassets; sourceTree = "<group>"; };
		545FDD70210BAD2C001A8270 /* Base */ = {isa = PBXFileReference; lastKnownFileType = file.storyboard; name = Base; path = Base.lproj/LaunchScreen.storyboard; sourceTree = "<group>"; };
		545FDD72210BAD2C001A8270 /* Info.plist */ = {isa = PBXFileReference; lastKnownFileType = text.plist.xml; path = Info.plist; sourceTree = "<group>"; };
/* End PBXFileReference section */

/* Begin PBXFrameworksBuildPhase section */
		545FDD60210BAD2A001A8270 /* Frameworks */ = {
			isa = PBXFrameworksBuildPhase;
			buildActionMask = 2147483647;
			files = (
			);
			runOnlyForDeploymentPostprocessing = 0;
		};
/* End PBXFrameworksBuildPhase section */

/* Begin PBXGroup section */
		545FDD5A210BAD2A001A8270 = {
			isa = PBXGroup;
			children = (
				545FDD65210BAD2A001A8270 /* testScrollViewTransparent */,
				545FDD64210BAD2A001A8270 /* Products */,
			);
			sourceTree = "<group>";
		};
		545FDD64210BAD2A001A8270 /* Products */ = {
			isa = PBXGroup;
			children = (
				545FDD63210BAD2A001A8270 /* testScrollViewTransparent.app */,
			);
			name = Products;
			sourceTree = "<group>";
		};
		545FDD65210BAD2A001A8270 /* testScrollViewTransparent */ = {
			isa = PBXGroup;
			children = (
				545FDD66210BAD2A001A8270 /* AppDelegate.swift */,
				545FDD68210BAD2A001A8270 /* ViewController.swift */,
				545FDD6A210BAD2A001A8270 /* Main.storyboard */,
				545FDD6D210BAD2C001A8270 /* Assets.xcassets */,
				545FDD6F210BAD2C001A8270 /* LaunchScreen.storyboard */,
				545FDD72210BAD2C001A8270 /* Info.plist */,
			);
			path = testScrollViewTransparent;
			sourceTree = "<group>";
		};
/* End PBXGroup section */

/* Begin PBXNativeTarget section */
		545FDD62210BAD2A001A8270 /* testScrollViewTransparent */ = {
			isa = PBXNativeTarget;
			buildConfigurationList = 545FDD75210BAD2C001A8270 /* Build configuration list for PBXNativeTarget "testScrollViewTransparent" */;
			buildPhases = (
				545FDD5F210BAD2A001A8270 /* Sources */,
				545FDD60210BAD2A001A8270 /* Frameworks */,
				545FDD61210BAD2A001A8270 /* Resources */,
			);
			buildRules = (
			);
			dependencies = (
			);
			name = testScrollViewTransparent;
			productName = testScrollViewTransparent;
			productReference = 545FDD63210BAD2A001A8270 /* testScrollViewTransparent.app */;
			productType = "com.apple.product-type.application";
		};
/* End PBXNativeTarget section */

/* Begin PBXProject section */
		545FDD5B210BAD2A001A8270 /* Project object */ = {
			isa = PBXProject;
			attributes = {
				LastSwiftUpdateCheck = 0940;
				LastUpgradeCheck = 0940;
				ORGANIZATIONNAME = "Amritpan Kaur";
				TargetAttributes = {
					545FDD62210BAD2A001A8270 = {
						CreatedOnToolsVersion = 9.4.1;
					};
				};
			};
			buildConfigurationList = 545FDD5E210BAD2A001A8270 /* Build configuration list for PBXProject "testScrollViewTransparent" */;
			compatibilityVersion = "Xcode 9.3";
			developmentRegion = en;
			hasScannedForEncodings = 0;
			knownRegions = (
				en,
				Base,
			);
			mainGroup = 545FDD5A210BAD2A001A8270;
			productRefGroup = 545FDD64210BAD2A001A8270 /* Products */;
			projectDirPath = "";
			projectRoot = "";
			targets = (
				545FDD62210BAD2A001A8270 /* testScrollViewTransparent */,
			);
		};
/* End PBXProject section */

/* Begin PBXResourcesBuildPhase section */
		545FDD61210BAD2A001A8270 /* Resources */ = {
			isa = PBXResourcesBuildPhase;
			buildActionMask = 2147483647;
			files = (
				545FDD71210BAD2C001A8270 /* LaunchScreen.storyboard in Resources */,
				545FDD6E210BAD2C001A8270 /* Assets.xcassets in Resources */,
				545FDD6C210BAD2A001A8270 /* Main.storyboard in Resources */,
			);
			runOnlyForDeploymentPostprocessing = 0;
		};
/* End PBXResourcesBuildPhase section */

/* Begin PBXSourcesBuildPhase section */
		545FDD5F210BAD2A001A8270 /* Sources */ = {
			isa = PBXSourcesBuildPhase;
			buildActionMask = 2147483647;
			files = (
				545FDD69210BAD2A001A8270 /* ViewController.swift in Sources */,
				545FDD67210BAD2A001A8270 /* AppDelegate.swift in Sources */,
			);
			runOnlyForDeploymentPostprocessing = 0;
		};
/* End PBXSourcesBuildPhase section */

/* Begin PBXVariantGroup section */
		545FDD6A210BAD2A001A8270 /* Main.storyboard */ = {
			isa = PBXVariantGroup;
			children = (
				545FDD6B210BAD2A001A8270 /* Base */,
			);
			name = Main.storyboard;
			sourceTree = "<group>";
		};
		545FDD6F210BAD2C001A8270 /* LaunchScreen.storyboard */ = {
			isa = PBXVariantGroup;
			children = (
				545FDD70210BAD2C001A8270 /* Base */,
			);
			name = LaunchScreen.storyboard;
			sourceTree = "<group>";
		};
/* End PBXVariantGroup section */

/* Begin XCBuildConfiguration section */
		545FDD73210BAD2C001A8270 /* Debug */ = {
			isa = XCBuildConfiguration;
			buildSettings = {
				ALWAYS_SEARCH_USER_PATHS = NO;
				CLANG_ANALYZER_NONNULL = YES;
				CLANG_ANALYZER_NUMBER_OBJECT_CONVERSION = YES_AGGRESSIVE;
				CLANG_CXX_LANGUAGE_STANDARD = "gnu++14";
				CLANG_CXX_LIBRARY = "libc++";
				CLANG_ENABLE_MODULES = YES;
				CLANG_ENABLE_OBJC_ARC = YES;
				CLANG_ENABLE_OBJC_WEAK = YES;
				CLANG_WARN_BLOCK_CAPTURE_AUTORELEASING = YES;
				CLANG_WARN_BOOL_CONVERSION = YES;
				CLANG_WARN_COMMA = YES;
				CLANG_WARN_CONSTANT_CONVERSION = YES;
				CLANG_WARN_DEPRECATED_OBJC_IMPLEMENTATIONS = YES;
				CLANG_WARN_DIRECT_OBJC_ISA_USAGE = YES_ERROR;
				CLANG_WARN_DOCUMENTATION_COMMENTS = YES;
				CLANG_WARN_EMPTY_BODY = YES;
				CLANG_WARN_ENUM_CONVERSION = YES;
				CLANG_WARN_INFINITE_RECURSION = YES;
				CLANG_WARN_INT_CONVERSION = YES;
				CLANG_WARN_NON_LITERAL_NULL_CONVERSION = YES;
				CLANG_WARN_OBJC_IMPLICIT_RETAIN_SELF = YES;
				CLANG_WARN_OBJC_LITERAL_CONVERSION = YES;
				CLANG_WARN_OBJC_ROOT_CLASS = YES_ERROR;
				CLANG_WARN_RANGE_LOOP_ANALYSIS = YES;
				CLANG_WARN_STRICT_PROTOTYPES = YES;
				CLANG_WARN_SUSPICIOUS_MOVE = YES;
				CLANG_WARN_UNGUARDED_AVAILABILITY = YES_AGGRESSIVE;
				CLANG_WARN_UNREACHABLE_CODE = YES;
				CLANG_WARN__DUPLICATE_METHOD_MATCH = YES;
				CODE_SIGN_IDENTITY = "iPhone Developer";
				COPY_PHASE_STRIP = NO;
				DEBUG_INFORMATION_FORMAT = dwarf;
				ENABLE_STRICT_OBJC_MSGSEND = YES;
				ENABLE_TESTABILITY = YES;
				GCC_C_LANGUAGE_STANDARD = gnu11;
				GCC_DYNAMIC_NO_PIC = NO;
				GCC_NO_COMMON_BLOCKS = YES;
				GCC_OPTIMIZATION_LEVEL = 0;
				GCC_PREPROCESSOR_DEFINITIONS = (
					"DEBUG=1",
					"$(inherited)",
				);
				GCC_WARN_64_TO_32_BIT_CONVERSION = YES;
				GCC_WARN_ABOUT_RETURN_TYPE = YES_ERROR;
				GCC_WARN_UNDECLARED_SELECTOR = YES;
				GCC_WARN_UNINITIALIZED_AUTOS = YES_AGGRESSIVE;
				GCC_WARN_UNUSED_FUNCTION = YES;
				GCC_WARN_UNUSED_VARIABLE = YES;
				IPHONEOS_DEPLOYMENT_TARGET = 11.4;
				MTL_ENABLE_DEBUG_INFO = YES;
				ONLY_ACTIVE_ARCH = YES;
				SDKROOT = iphoneos;
				SWIFT_ACTIVE_COMPILATION_CONDITIONS = DEBUG;
				SWIFT_OPTIMIZATION_LEVEL = "-Onone";
			};
			name = Debug;
		};
		545FDD74210BAD2C001A8270 /* Release */ = {
			isa = XCBuildConfiguration;
			buildSettings = {
				ALWAYS_SEARCH_USER_PATHS = NO;
				CLANG_ANALYZER_NONNULL = YES;
				CLANG_ANALYZER_NUMBER_OBJECT_CONVERSION = YES_AGGRESSIVE;
				CLANG_CXX_LANGUAGE_STANDARD = "gnu++14";
				CLANG_CXX_LIBRARY = "libc++";
				CLANG_ENABLE_MODULES = YES;
				CLANG_ENABLE_OBJC_ARC = YES;
				CLANG_ENABLE_OBJC_WEAK = YES;
				CLANG_WARN_BLOCK_CAPTURE_AUTORELEASING = YES;
				CLANG_WARN_BOOL_CONVERSION = YES;
				CLANG_WARN_COMMA = YES;
				CLANG_WARN_CONSTANT_CONVERSION = YES;
				CLANG_WARN_DEPRECATED_OBJC_IMPLEMENTATIONS = YES;
				CLANG_WARN_DIRECT_OBJC_ISA_USAGE = YES_ERROR;
				CLANG_WARN_DOCUMENTATION_COMMENTS = YES;
				CLANG_WARN_EMPTY_BODY = YES;
				CLANG_WARN_ENUM_CONVERSION = YES;
				CLANG_WARN_INFINITE_RECURSION = YES;
				CLANG_WARN_INT_CONVERSION = YES;
				CLANG_WARN_NON_LITERAL_NULL_CONVERSION = YES;
				CLANG_WARN_OBJC_IMPLICIT_RETAIN_SELF = YES;
				CLANG_WARN_OBJC_LITERAL_CONVERSION = YES;
				CLANG_WARN_OBJC_ROOT_CLASS = YES_ERROR;
				CLANG_WARN_RANGE_LOOP_ANALYSIS = YES;
				CLANG_WARN_STRICT_PROTOTYPES = YES;
				CLANG_WARN_SUSPICIOUS_MOVE = YES;
				CLANG_WARN_UNGUARDED_AVAILABILITY = YES_AGGRESSIVE;
				CLANG_WARN_UNREACHABLE_CODE = YES;
				CLANG_WARN__DUPLICATE_METHOD_MATCH = YES;
				CODE_SIGN_IDENTITY = "iPhone Developer";
				COPY_PHASE_STRIP = NO;
				DEBUG_INFORMATION_FORMAT = "dwarf-with-dsym";
				ENABLE_NS_ASSERTIONS = NO;
				ENABLE_STRICT_OBJC_MSGSEND = YES;
				GCC_C_LANGUAGE_STANDARD = gnu11;
				GCC_NO_COMMON_BLOCKS = YES;
				GCC_WARN_64_TO_32_BIT_CONVERSION = YES;
				GCC_WARN_ABOUT_RETURN_TYPE = YES_ERROR;
				GCC_WARN_UNDECLARED_SELECTOR = YES;
				GCC_WARN_UNINITIALIZED_AUTOS = YES_AGGRESSIVE;
				GCC_WARN_UNUSED_FUNCTION = YES;
				GCC_WARN_UNUSED_VARIABLE = YES;
				IPHONEOS_DEPLOYMENT_TARGET = 11.4;
				MTL_ENABLE_DEBUG_INFO = NO;
				SDKROOT = iphoneos;
				SWIFT_COMPILATION_MODE = wholemodule;
				SWIFT_OPTIMIZATION_LEVEL = "-O";
				VALIDATE_PRODUCT = YES;
			};
			name = Release;
		};
		545FDD76210BAD2C001A8270 /* Debug */ = {
			isa = XCBuildConfiguration;
			buildSettings = {
				ASSETCATALOG_COMPILER_APPICON_NAME = AppIcon;
				CODE_SIGN_STYLE = Automatic;
				DEVELOPMENT_TEAM = AF3WAX357N;
				INFOPLIST_FILE = testScrollViewTransparent/Info.plist;
				LD_RUNPATH_SEARCH_PATHS = (
					"$(inherited)",
					"@executable_path/Frameworks",
				);
				PRODUCT_BUNDLE_IDENTIFIER = com.example.testScrollViewTransparent;
				PRODUCT_NAME = "$(TARGET_NAME)";
				SWIFT_VERSION = 4.0;
				TARGETED_DEVICE_FAMILY = "1,2";
			};
			name = Debug;
		};
		545FDD77210BAD2C001A8270 /* Release */ = {
			isa = XCBuildConfiguration;
			buildSettings = {
				ASSETCATALOG_COMPILER_APPICON_NAME = AppIcon;
				CODE_SIGN_STYLE = Automatic;
				DEVELOPMENT_TEAM = AF3WAX357N;
				INFOPLIST_FILE = testScrollViewTransparent/Info.plist;
				LD_RUNPATH_SEARCH_PATHS = (
					"$(inherited)",
					"@executable_path/Frameworks",
				);
				PRODUCT_BUNDLE_IDENTIFIER = com.example.testScrollViewTransparent;
				PRODUCT_NAME = "$(TARGET_NAME)";
				SWIFT_VERSION = 4.0;
				TARGETED_DEVICE_FAMILY = "1,2";
			};
			name = Release;
		};
/* End XCBuildConfiguration section */

/* Begin XCConfigurationList section */
		545FDD5E210BAD2A001A8270 /* Build configuration list for PBXProject "testScrollViewTransparent" */ = {
			isa = XCConfigurationList;
			buildConfigurations = (
				545FDD73210BAD2C001A8270 /* Debug */,
				545FDD74210BAD2C001A8270 /* Release */,
			);
			defaultConfigurationIsVisible = 0;
			defaultConfigurationName = Release;
		};
		545FDD75210BAD2C001A8270 /* Build configuration list for PBXNativeTarget "testScrollViewTransparent" */ = {
			isa = XCConfigurationList;
			buildConfigurations = (
				545FDD76210BAD2C001A8270 /* Debug */,
				545FDD77210BAD2C001A8270 /* Release */,
			);
			defaultConfigurationIsVisible = 0;
			defaultConfigurationName = Release;
		};
/* End XCConfigurationList section */
	};
	rootObject = 545FDD5B210BAD2A001A8270 /* Project object */;
}
